github.com/chzyer/readline v0.0.0-20180603132655-2972be24d48e/go.mod h1:nSuG5e5PlCu98SY8svDHJxuZscDgtXS6KTTbou5AhLI=
github.com/yuin/gopher-lua v0.0.0-20181126061432-91694c92e184 h1:JyYhvBkNSwLJIklmeTFHXoPhSKtkVGrfspUO21nVkrk=
github.com/yuin/gopher-lua v0.0.0-20181126061432-91694c92e184/go.mod h1:fFiAh+CowNFr0NK5VASokuwKwkbacRmHsVA7Yb1Tqac=
